# THIS IS AN AUTOGENERATED FILE. DO NOT EDIT THIS FILE DIRECTLY.
# yarn lockfile v1


ng@^0.0.0:
  version "0.0.0"
  resolved "https://registry.yarnpkg.com/ng/-/ng-0.0.0.tgz#1ab91a42699d5fcc8d3b674006027fd3006ec551"
  integrity sha512-HwR40IBJa1ZU+CIGyuy7vSCN3xFYlSRfw5eIwwKOdOMNNNIl8KhT6PXKmHuFEFYpfrbOMaCYtr4QOJ3gkkubcg==
